{
  "nodes": {
    "bundler": {
      "inputs": {
        "crane": "crane",
        "fenix": "fenix",
        "flake-compat": "flake-compat",
        "flake-parts": "flake-parts",
        "nix-filter": "nix-filter",
        "nixpkgs": [
          "nixpkgs"
        ],
        "pre-commit-hooks": "pre-commit-hooks"
      },
      "locked": {
        "lastModified": 1720098808,
        "narHash": "sha256-TDc4VxQPZgBHFpjQwsCbS0Olx9PhCPpNgZ7DokwVi40=",
        "path": "/Users/ttak0422/ghq/github.com/ttak0422/bundler",
        "type": "path"
      },
      "original": {
        "path": "/Users/ttak0422/ghq/github.com/ttak0422/bundler",
        "type": "path"
      }
    },
    "crane": {
      "inputs": {
        "nixpkgs": [
          "bundler",
          "nixpkgs"
        ]
      },
      "locked": {
        "lastModified": 1718078026,
        "narHash": "sha256-LbQabH6h86ZzTvDnaZHmMwedRZNB2jYtUQzmoqWQoJ8=",
        "owner": "ipetkov",
        "repo": "crane",
        "rev": "a3f0c63eed74a516298932b9b1627dd80b9c3892",
        "type": "github"
      },
      "original": {
        "owner": "ipetkov",
        "repo": "crane",
        "type": "github"
      }
    },
    "fenix": {
      "inputs": {
        "nixpkgs": [
          "bundler",
          "nixpkgs"
        ],
        "rust-analyzer-src": "rust-analyzer-src"
      },
      "locked": {
        "lastModified": 1717827974,
        "narHash": "sha256-ixopuTeTouxqTxfMuzs6IaRttbT8JqRW5C9Q/57WxQw=",
        "owner": "nix-community",
        "repo": "fenix",
        "rev": "ab655c627777ab5f9964652fe23bbb1dfbd687a8",
        "type": "github"
      },
      "original": {
        "owner": "nix-community",
        "repo": "fenix",
        "type": "github"
      }
    },
    "flake-compat": {
      "flake": false,
      "locked": {
        "lastModified": 1696426674,
        "narHash": "sha256-kvjfFW7WAETZlt09AgDn1MrtKzP7t90Vf7vypd3OL1U=",
        "owner": "edolstra",
        "repo": "flake-compat",
        "rev": "0f9255e01c2351cc7d116c072cb317785dd33b33",
        "type": "github"
      },
      "original": {
        "owner": "edolstra",
        "repo": "flake-compat",
        "type": "github"
      }
    },
    "flake-parts": {
      "inputs": {
        "nixpkgs-lib": "nixpkgs-lib"
      },
      "locked": {
        "lastModified": 1717285511,
        "narHash": "sha256-iKzJcpdXih14qYVcZ9QC9XuZYnPc6T8YImb6dX166kw=",
        "owner": "hercules-ci",
        "repo": "flake-parts",
        "rev": "2a55567fcf15b1b1c7ed712a2c6fadaec7412ea8",
        "type": "github"
      },
      "original": {
        "owner": "hercules-ci",
        "repo": "flake-parts",
        "type": "github"
      }
    },
    "flake-parts_2": {
      "inputs": {
        "nixpkgs-lib": "nixpkgs-lib_2"
      },
      "locked": {
        "lastModified": 1719994518,
        "narHash": "sha256-pQMhCCHyQGRzdfAkdJ4cIWiw+JNuWsTX7f0ZYSyz0VY=",
        "owner": "hercules-ci",
        "repo": "flake-parts",
        "rev": "9227223f6d922fee3c7b190b2cc238a99527bbb7",
        "type": "github"
      },
      "original": {
        "owner": "hercules-ci",
        "repo": "flake-parts",
        "type": "github"
      }
    },
    "gitignore": {
      "inputs": {
        "nixpkgs": [
          "bundler",
          "pre-commit-hooks",
          "nixpkgs"
        ]
      },
      "locked": {
        "lastModified": 1709087332,
        "narHash": "sha256-HG2cCnktfHsKV0s4XW83gU3F57gaTljL9KNSuG6bnQs=",
        "owner": "hercules-ci",
        "repo": "gitignore.nix",
        "rev": "637db329424fd7e46cf4185293b9cc8c88c95394",
        "type": "github"
      },
      "original": {
        "owner": "hercules-ci",
        "repo": "gitignore.nix",
        "type": "github"
      }
    },
    "loaded-nvim": {
      "inputs": {
        "flake-parts": [
          "flake-parts"
        ],
        "nixpkgs": [
          "nixpkgs"
        ],
        "systems": [
          "systems"
        ]
      },
      "locked": {
        "lastModified": 1717900413,
        "narHash": "sha256-w7EUXD2zC1FecHsEpDJJlkdCOdNN3njr48BSlWjyNW4=",
        "owner": "ttak0422",
        "repo": "loaded-nvim",
        "rev": "ad322d1609da2b2101e9130bc3987160648da924",
        "type": "github"
      },
      "original": {
        "owner": "ttak0422",
        "repo": "loaded-nvim",
        "type": "github"
      }
    },
    "morimo": {
      "flake": false,
      "locked": {
        "lastModified": 1717776668,
        "narHash": "sha256-AmVuY0BzFVGTyMn281/ZVXNYgJL4ait+rFpNsSARw7o=",
        "owner": "ttak0422",
        "repo": "morimo",
        "rev": "a374332bdc93e60ffb121aedc0b6d35f79511688",
        "type": "github"
      },
      "original": {
        "owner": "ttak0422",
        "repo": "morimo",
        "type": "github"
      }
    },
    "neorg-telescope": {
      "flake": false,
      "locked": {
        "lastModified": 1718775458,
        "narHash": "sha256-VZbmetQyPHiduMlmHTaFQJZUt4bYPS5vxMc5dwHUBnE=",
        "owner": "nvim-neorg",
        "repo": "neorg-telescope",
        "rev": "fe255a3432ce639de7a374ccfb8602f517244dcd",
        "type": "github"
      },
      "original": {
        "owner": "nvim-neorg",
        "repo": "neorg-telescope",
        "type": "github"
      }
    },
    "nix-filter": {
      "locked": {
        "lastModified": 1710156097,
        "narHash": "sha256-1Wvk8UP7PXdf8bCCaEoMnOT1qe5/Duqgj+rL8sRQsSM=",
        "owner": "numtide",
        "repo": "nix-filter",
        "rev": "3342559a24e85fc164b295c3444e8a139924675b",
        "type": "github"
      },
      "original": {
        "owner": "numtide",
        "repo": "nix-filter",
        "type": "github"
      }
    },
    "nix-filter_2": {
      "locked": {
        "lastModified": 1710156097,
        "narHash": "sha256-1Wvk8UP7PXdf8bCCaEoMnOT1qe5/Duqgj+rL8sRQsSM=",
        "owner": "numtide",
        "repo": "nix-filter",
        "rev": "3342559a24e85fc164b295c3444e8a139924675b",
        "type": "github"
      },
      "original": {
        "owner": "numtide",
        "repo": "nix-filter",
        "type": "github"
      }
    },
    "nixpkgs": {
      "locked": {
        "lastModified": 1719848872,
        "narHash": "sha256-H3+EC5cYuq+gQW8y0lSrrDZfH71LB4DAf+TDFyvwCNA=",
        "owner": "nixos",
        "repo": "nixpkgs",
        "rev": "00d80d13810dbfea8ab4ed1009b09100cca86ba8",
        "type": "github"
      },
      "original": {
        "owner": "nixos",
        "ref": "nixos-unstable",
        "repo": "nixpkgs",
        "type": "github"
      }
    },
    "nixpkgs-lib": {
      "locked": {
        "lastModified": 1717284937,
        "narHash": "sha256-lIbdfCsf8LMFloheeE6N31+BMIeixqyQWbSr2vk79EQ=",
        "type": "tarball",
        "url": "https://github.com/NixOS/nixpkgs/archive/eb9ceca17df2ea50a250b6b27f7bf6ab0186f198.tar.gz"
      },
      "original": {
        "type": "tarball",
        "url": "https://github.com/NixOS/nixpkgs/archive/eb9ceca17df2ea50a250b6b27f7bf6ab0186f198.tar.gz"
      }
    },
    "nixpkgs-lib_2": {
      "locked": {
        "lastModified": 1719876945,
        "narHash": "sha256-Fm2rDDs86sHy0/1jxTOKB1118Q0O3Uc7EC0iXvXKpbI=",
        "type": "tarball",
        "url": "https://github.com/NixOS/nixpkgs/archive/5daf0514482af3f97abaefc78a6606365c9108e2.tar.gz"
      },
      "original": {
        "type": "tarball",
        "url": "https://github.com/NixOS/nixpkgs/archive/5daf0514482af3f97abaefc78a6606365c9108e2.tar.gz"
      }
    },
    "nixpkgs-stable": {
      "locked": {
        "lastModified": 1719838683,
        "narHash": "sha256-Zw9rQjHz1ilNIimEXFeVa1ERNRBF8DoXDhLAZq5B4pE=",
        "owner": "nixos",
        "repo": "nixpkgs",
        "rev": "d032c1a6dfad4eedec7e35e91986becc699d7d69",
        "type": "github"
      },
      "original": {
        "owner": "nixos",
        "ref": "nixos-24.05",
        "repo": "nixpkgs",
        "type": "github"
      }
    },
    "nvim-config-local": {
      "flake": false,
      "locked": {
        "lastModified": 1686837617,
        "narHash": "sha256-xrgPWfyf6Q7wM69xyUaVO6BHI4dNgvMMnOkDEUtroT8=",
        "owner": "klen",
        "repo": "nvim-config-local",
        "rev": "83bb6d9881653a5cf8b489ba8a6fe5a06049a10a",
        "type": "github"
      },
      "original": {
        "owner": "klen",
        "repo": "nvim-config-local",
        "type": "github"
      }
    },
    "nvim-dap-repl-highlights": {
      "flake": false,
      "locked": {
        "lastModified": 1716105463,
        "narHash": "sha256-HfIP1ZfD85l5V+Sh75CJRTQQ+HwmeAvFcjkdu8lpd4o=",
        "owner": "LiadOz",
        "repo": "nvim-dap-repl-highlights",
        "rev": "a7512fc0a0de0c0be8d58983939856dda6f72451",
        "type": "github"
      },
      "original": {
        "owner": "LiadOz",
        "repo": "nvim-dap-repl-highlights",
        "type": "github"
      }
    },
    "plenary-nvim": {
      "flake": false,
      "locked": {
        "lastModified": 1716230027,
        "narHash": "sha256-5Jf2mWFVDofXBcXLbMa417mqlEPWLA+cQIZH/vNEV1g=",
        "owner": "nvim-lua",
        "repo": "plenary.nvim",
        "rev": "a3e3bc82a3f95c5ed0d7201546d5d2c19b20d683",
        "type": "github"
      },
      "original": {
        "owner": "nvim-lua",
        "repo": "plenary.nvim",
        "type": "github"
      }
    },
    "pre-commit-hooks": {
      "inputs": {
        "flake-compat": [
          "bundler",
          "flake-compat"
        ],
        "gitignore": "gitignore",
        "nixpkgs": [
          "bundler",
          "nixpkgs"
        ],
        "nixpkgs-stable": [
          "bundler",
          "nixpkgs"
        ]
      },
      "locked": {
        "lastModified": 1717664902,
        "narHash": "sha256-7XfBuLULizXjXfBYy/VV+SpYMHreNRHk9nKMsm1bgb4=",
        "owner": "cachix",
        "repo": "git-hooks.nix",
        "rev": "cc4d466cb1254af050ff7bdf47f6d404a7c646d1",
        "type": "github"
      },
      "original": {
        "owner": "cachix",
        "repo": "git-hooks.nix",
        "type": "github"
      }
    },
    "root": {
      "inputs": {
        "bundler": "bundler",
        "flake-parts": "flake-parts_2",
        "loaded-nvim": "loaded-nvim",
        "morimo": "morimo",
        "neorg-telescope": "neorg-telescope",
        "nix-filter": "nix-filter_2",
        "nixpkgs": "nixpkgs",
        "nixpkgs-stable": "nixpkgs-stable",
        "nvim-config-local": "nvim-config-local",
        "nvim-dap-repl-highlights": "nvim-dap-repl-highlights",
        "plenary-nvim": "plenary-nvim",
        "systems": "systems",
        "telescope-command-palette-nvim": "telescope-command-palette-nvim",
        "telescope-dap-nvim": "telescope-dap-nvim",
        "telescope-file-browser-nvim": "telescope-file-browser-nvim",
        "telescope-frecency-nvim": "telescope-frecency-nvim",
        "telescope-fzf-native-nvim": "telescope-fzf-native-nvim",
        "telescope-live-grep-args": "telescope-live-grep-args",
        "telescope-live-grep-args-nvim": "telescope-live-grep-args-nvim",
        "telescope-nvim": "telescope-nvim",
        "telescope-repo-nvim": "telescope-repo-nvim",
        "telescope-sg": "telescope-sg",
        "telescope-smart-history-nvim": "telescope-smart-history-nvim",
        "telescope-sonictemplate-nvim": "telescope-sonictemplate-nvim",
        "telescope-ui-select-nvim": "telescope-ui-select-nvim",
        "telescope-undo-nvim": "telescope-undo-nvim",
        "tree-sitter-fsharp": "tree-sitter-fsharp",
        "tree-sitter-norg-meta": "tree-sitter-norg-meta",
        "vim-sonictemplate": "vim-sonictemplate"
      }
    },
    "rust-analyzer-src": {
      "flake": false,
      "locked": {
        "lastModified": 1717583671,
        "narHash": "sha256-+lRAmz92CNUxorqWusgJbL9VE1eKCnQQojglRemzwkw=",
        "owner": "rust-lang",
        "repo": "rust-analyzer",
        "rev": "48bbdd6a74f3176987d5c809894ac33957000d19",
        "type": "github"
      },
      "original": {
        "owner": "rust-lang",
        "ref": "nightly",
        "repo": "rust-analyzer",
        "type": "github"
      }
    },
    "systems": {
      "locked": {
        "lastModified": 1681028828,
        "narHash": "sha256-Vy1rq5AaRuLzOxct8nz4T6wlgyUR7zLU309k9mBC768=",
        "owner": "nix-systems",
        "repo": "default",
        "rev": "da67096a3b9bf56a91d16901293e51ba5b49a27e",
        "type": "github"
      },
      "original": {
        "owner": "nix-systems",
        "repo": "default",
        "type": "github"
      }
    },
    "telescope-command-palette-nvim": {
      "flake": false,
      "locked": {
        "lastModified": 1692857783,
        "narHash": "sha256-ryzMa8+Ndhng57O+TYEAH8/q8MJDcF7c0iJIcf6aMFU=",
        "owner": "LinArcX",
        "repo": "telescope-command-palette.nvim",
        "rev": "cf38d89446ff36d07191d32796eed6e38e5ce118",
        "type": "github"
      },
      "original": {
        "owner": "LinArcX",
        "repo": "telescope-command-palette.nvim",
        "type": "github"
      }
    },
    "telescope-dap-nvim": {
      "flake": false,
      "locked": {
        "lastModified": 1704749098,
        "narHash": "sha256-P+ioBtupRvB3wcGKm77Tf/51k6tXKxJd176uupeW6v0=",
        "owner": "nvim-telescope",
        "repo": "telescope-dap.nvim",
        "rev": "8c88d9716c91eaef1cdea13cb9390d8ef447dbfe",
        "type": "github"
      },
      "original": {
        "owner": "nvim-telescope",
        "repo": "telescope-dap.nvim",
        "type": "github"
      }
    },
    "telescope-file-browser-nvim": {
      "flake": false,
      "locked": {
        "lastModified": 1717943438,
        "narHash": "sha256-2ZXjp0Kzr2Xp7/BjiWBUi2lq6uS80Ada/pXLqxeBfDw=",
        "owner": "nvim-telescope",
        "repo": "telescope-file-browser.nvim",
        "rev": "a7ab9a957b17199183388c6f357d614fcaa508e5",
        "type": "github"
      },
      "original": {
        "owner": "nvim-telescope",
        "repo": "telescope-file-browser.nvim",
        "type": "github"
      }
    },
    "telescope-frecency-nvim": {
      "flake": false,
      "locked": {
        "lastModified": 1718960540,
        "narHash": "sha256-W730ybM/0wOFZyphR7W2j3yxRW057RSXVCPFcuybsc4=",
        "owner": "nvim-telescope",
        "repo": "telescope-frecency.nvim",
        "rev": "f3f93253797714aecfb95ef7e25f8ff7693430b9",
        "type": "github"
      },
      "original": {
        "owner": "nvim-telescope",
        "repo": "telescope-frecency.nvim",
        "type": "github"
      }
    },
    "telescope-fzf-native-nvim": {
      "flake": false,
      "locked": {
        "lastModified": 1719928246,
        "narHash": "sha256-GEhPf1f0jkEuDlHNuxVko0ChvuF/zoQroLNUlk8N5EA=",
        "owner": "nvim-telescope",
        "repo": "telescope-fzf-native.nvim",
        "rev": "cf48d4dfce44e0b9a2e19a008d6ec6ea6f01a83b",
        "type": "github"
      },
      "original": {
        "owner": "nvim-telescope",
        "repo": "telescope-fzf-native.nvim",
        "type": "github"
      }
    },
    "telescope-live-grep-args": {
      "flake": false,
      "locked": {
        "lastModified": 1717921500,
        "narHash": "sha256-PVbyvc3gTX/N0WuNfZ+RDUekvOcqKVh4Ik+YGHHJV58=",
        "owner": "nvim-telescope",
        "repo": "telescope-live-grep-args.nvim",
        "rev": "8ad632f793fd437865f99af5684f78300dac93fb",
        "type": "github"
      },
      "original": {
        "owner": "nvim-telescope",
        "repo": "telescope-live-grep-args.nvim",
        "type": "github"
      }
    },
    "telescope-live-grep-args-nvim": {
      "flake": false,
      "locked": {
        "lastModified": 1717921500,
        "narHash": "sha256-PVbyvc3gTX/N0WuNfZ+RDUekvOcqKVh4Ik+YGHHJV58=",
        "owner": "nvim-telescope",
        "repo": "telescope-live-grep-args.nvim",
        "rev": "8ad632f793fd437865f99af5684f78300dac93fb",
        "type": "github"
      },
      "original": {
        "owner": "nvim-telescope",
        "repo": "telescope-live-grep-args.nvim",
        "type": "github"
      }
    },
    "telescope-nvim": {
      "flake": false,
      "locked": {
        "lastModified": 1719860810,
        "narHash": "sha256-U6fgii9FlJy+bHAtYVnZEOyiUAqlBHTvMFc4mo+xS/s=",
        "owner": "nvim-telescope",
        "repo": "telescope.nvim",
        "rev": "bfcc7d5c6f12209139f175e6123a7b7de6d9c18a",
        "type": "github"
      },
      "original": {
        "owner": "nvim-telescope",
        "repo": "telescope.nvim",
        "type": "github"
      }
    },
    "telescope-repo-nvim": {
      "flake": false,
      "locked": {
        "lastModified": 1714044532,
        "narHash": "sha256-m9icWnwM4Wl1PW2dLaQne5PaKbjfVEEzWxbETJJSUxw=",
        "owner": "cljoly",
        "repo": "telescope-repo.nvim",
        "rev": "36720ed0ac724fc7527a6a4cf920e13164039400",
        "type": "github"
      },
      "original": {
        "owner": "cljoly",
        "repo": "telescope-repo.nvim",
        "type": "github"
      }
    },
    "telescope-sg": {
      "flake": false,
      "locked": {
        "lastModified": 1713749793,
        "narHash": "sha256-hXJydt4MWc6k/b7AGMoBTZ/GrWqcq9muE9D/k/wmMSo=",
        "owner": "Marskey",
        "repo": "telescope-sg",
        "rev": "caceaa670f26a581fb20ce99576ed8155c3ae96d",
        "type": "github"
      },
      "original": {
        "owner": "Marskey",
        "repo": "telescope-sg",
        "type": "github"
      }
    },
    "telescope-smart-history-nvim": {
      "flake": false,
      "locked": {
        "lastModified": 1671132354,
        "narHash": "sha256-riBl0vSkRtM9Gtw/FNSKodSmqgGUpDnH7d5w+uU4ReQ=",
        "owner": "nvim-telescope",
        "repo": "telescope-smart-history.nvim",
        "rev": "81a4cceaa54d65d5f7c7c26178ee63b634d3e26d",
        "type": "github"
      },
      "original": {
        "owner": "nvim-telescope",
        "repo": "telescope-smart-history.nvim",
        "type": "github"
      }
    },
    "telescope-sonictemplate-nvim": {
      "flake": false,
      "locked": {
        "lastModified": 1632573283,
        "narHash": "sha256-IbMIPEcHC8j+t4XUS6TFFGWNSCCd5LpsG/n1FPQQzmc=",
        "owner": "tamago324",
        "repo": "telescope-sonictemplate.nvim",
        "rev": "9edeeea022d9e35287fa80a91ed5bffb950cc096",
        "type": "github"
      },
      "original": {
        "owner": "tamago324",
        "repo": "telescope-sonictemplate.nvim",
        "type": "github"
      }
    },
    "telescope-ui-select-nvim": {
      "flake": false,
      "locked": {
        "lastModified": 1701723223,
        "narHash": "sha256-YRhNmmG4gx9Ht8JwjQfbTjJyTHEuZmtP6lqnhOsk8bE=",
        "owner": "nvim-telescope",
        "repo": "telescope-ui-select.nvim",
        "rev": "6e51d7da30bd139a6950adf2a47fda6df9fa06d2",
        "type": "github"
      },
      "original": {
        "owner": "nvim-telescope",
        "repo": "telescope-ui-select.nvim",
        "type": "github"
      }
    },
    "telescope-undo-nvim": {
      "flake": false,
      "locked": {
        "lastModified": 1719759846,
        "narHash": "sha256-VVkyD4VBpyBKzYbRxKhGWAwuPvmfzd8BPTuHKxlz4vc=",
        "owner": "debugloop",
        "repo": "telescope-undo.nvim",
        "rev": "51be9ae7c42fc27c0b05505e3a0162e0f05fbb6a",
        "type": "github"
      },
      "original": {
        "owner": "debugloop",
        "repo": "telescope-undo.nvim",
        "type": "github"
      }
    },
    "tree-sitter-fsharp": {
      "flake": false,
      "locked": {
        "lastModified": 1718979067,
        "narHash": "sha256-HgHVIU67h9WXfj+yx7ukCSqucRvo16jugFhxWYY1kyk=",
        "owner": "ionide",
        "repo": "tree-sitter-fsharp",
        "rev": "996ea9982bd4e490029f84682016b6793940113b",
        "type": "github"
      },
      "original": {
        "owner": "ionide",
        "repo": "tree-sitter-fsharp",
        "type": "github"
      }
    },
    "tree-sitter-norg-meta": {
      "flake": false,
      "locked": {
        "lastModified": 1713028366,
        "narHash": "sha256-8qSdwHlfnjFuQF4zNdLtU2/tzDRhDZbo9K54Xxgn5+8=",
        "owner": "nvim-neorg",
        "repo": "tree-sitter-norg-meta",
        "rev": "6f0510cc516a3af3396a682fbd6655486c2c9d2d",
        "type": "github"
      },
      "original": {
        "owner": "nvim-neorg",
        "repo": "tree-sitter-norg-meta",
        "type": "github"
      }
    },
    "vim-sonictemplate": {
      "flake": false,
      "locked": {
        "lastModified": 1711250165,
        "narHash": "sha256-wSbGkW3BmMjhEmfDwibLxUHTmirV4JY76zpIpBjmVQM=",
        "owner": "ttak0422",
        "repo": "vim-sonictemplate",
        "rev": "7a13f4b65cfffc293b4fbed7e6264b15b56f9160",
        "type": "github"
      },
      "original": {
        "owner": "ttak0422",
        "ref": "feature/support-java-test-directory",
        "repo": "vim-sonictemplate",
        "type": "github"
      }
    }
  },
  "root": "root",
  "version": 7
}
